github.com/alextanhongpin/testdump/pkg/diff v0.0.0-20240617113601-585c236115fd h1:zavAmUkBurbjVwtsQwJnRBuSUJmWb8vNX2yfzkxrcng=
github.com/alextanhongpin/testdump/pkg/diff v0.0.0-20240617113601-585c236115fd/go.mod h1:G2g+ua+3rXatKhXe8pvP7QopFCVJ/y+0hGuqIEZ4Pio=
github.com/alextanhongpin/testdump/pkg/file v0.0.0-20240814172502-38533f751ca6 h1:O46wyM61qBtfJhCT5h2YkOvfwxpynQFwg+9tdmQyMrw=
github.com/alextanhongpin/testdump/pkg/file v0.0.0-20240814172502-38533f751ca6/go.mod h1:VjrYSZIWcWhyJI/JFn1zKDMvPCkZz9u3hJrm/qREZE8=
github.com/alextanhongpin/testdump/pkg/reviver v0.0.0-20240617113601-585c236115fd h1:PKkm07rwY+ykQTpVwt66eghMHXg/GhrZhrd6qlFcQHA=
github.com/alextanhongpin/testdump/pkg/reviver v0.0.0-20240617113601-585c236115fd/go.mod h1:lAUgUptynW4bE3EIEFSpX4MZhJqxvy7AEW6eBQb71hY=
github.com/alextanhongpin/testdump/pkg/reviver v0.0.0-20250703143725-243348572c15 h1:GLFdbNeOWS4lsrs6Lt4YPaWixJzwYgE4n8b8gwzJS94=
github.com/alextanhongpin/testdump/pkg/reviver v0.0.0-20250703143725-243348572c15/go.mod h1:lAUgUptynW4bE3EIEFSpX4MZhJqxvy7AEW6eBQb71hY=
github.com/alextanhongpin/testdump/pkg/snapshot v0.0.0-20240814172502-38533f751ca6 h1:nudwX51KiCWg0XO6LUUNpNczFN/dkdQu3sSYqhBYV9A=
github.com/alextanhongpin/testdump/pkg/snapshot v0.0.0-20240814172502-38533f751ca6/go.mod h1:KE5TrgWzFr7ZsmCqtN2p8GHSuJygE0bdep/QcZ1/di0=
github.com/creack/pty v1.1.9/go.mod h1:oKZEueFk5CKHvIhNR5MUki03XCEU+Q6VDXinZuGJ33E=
github.com/google/go-cmp v0.6.0 h1:ofyhxvXcZhMsU5ulbFiLKl/XBFqE1GSq7atu8tAmTRI=
github.com/google/go-cmp v0.6.0/go.mod h1:17dUlkBOakJ0+DkrSSNjCkIjxS6bF9zb3elmeNGIjoY=
github.com/kr/pretty v0.3.1 h1:flRD4NNwYAUpkphVc1HcthR4KEIFJ65n8Mw5qdRn3LE=
github.com/kr/pretty v0.3.1/go.mod h1:hoEshYVHaxMs3cyo3Yncou5ZscifuDolrwPKZanG3xk=
github.com/kr/text v0.2.0 h1:5Nx0Ya0ZqY2ygV366QzturHI13Jq95ApcVaJBhpS+AY=
github.com/kr/text v0.2.0/go.mod h1:eLer722TekiGuMkidMxC/pM04lWEeraHUUmBw8l2grE=
github.com/pkg/diff v0.0.0-20210226163009-20ebb0f2a09e/go.mod h1:pJLUxLENpZxwdsKMEsNbx1VGcRFpLqf3715MtcvvzbA=
github.com/rogpeppe/go-internal v1.9.0/go.mod h1:WtVeX8xhTBvf0smdhujwtBcq4Qrzq/fJaraNFVN+nFs=
github.com/rogpeppe/go-internal v1.12.0 h1:exVL4IDcn6na9z1rAb56Vxr+CgyK3nn3O+epU5NdKM8=
github.com/rogpeppe/go-internal v1.12.0/go.mod h1:E+RYuTGaKKdloAfM02xzb0FW3Paa99yedzYV+kq4uf4=
gopkg.in/check.v1 v0.0.0-20161208181325-20d25e280405/go.mod h1:Co6ibVJAznAaIkqp8huTwlJQCZ016jof/cbN4VW5Yz0=
gopkg.in/check.v1 v1.0.0-20180628173108-788fd7840127 h1:qIbj1fsPNlZgppZ+VLlY7N33q108Sa+fhmuc+sWQYwY=
gopkg.in/check.v1 v1.0.0-20180628173108-788fd7840127/go.mod h1:Co6ibVJAznAaIkqp8huTwlJQCZ016jof/cbN4VW5Yz0=
gopkg.in/yaml.v3 v3.0.1 h1:fxVm/GzAzEWqLHuvctI91KS9hhNmmWOoWu0XTYJS7CA=
gopkg.in/yaml.v3 v3.0.1/go.mod h1:K4uyk7z7BCEPqu6E+C64Yfv1cQ7kz7rIZviUmN+EgEM=
