github.com/DATA-DOG/go-sqlmock v1.5.2 h1:OcvFkGmslmlZibjAjaHm3L//6LiuBgolP7OputlJIzU=
github.com/DATA-DOG/go-sqlmock v1.5.2/go.mod h1:88MAG/4G7SMwSE3CeA0ZKzrT5CiOU3OJ+JlNzwDqpNU=
github.com/alextanhongpin/testdump/pkg/diff v0.0.0-20240617032328-5cdd37fc0156 h1:F4Vk9uRhSWbkQKrV78gioqjufW/acun1llGnJbz1ujo=
github.com/alextanhongpin/testdump/pkg/diff v0.0.0-20240617032328-5cdd37fc0156/go.mod h1:G2g+ua+3rXatKhXe8pvP7QopFCVJ/y+0hGuqIEZ4Pio=
github.com/alextanhongpin/testdump/pkg/diff v0.0.0-20260202052930-4638efcc794b h1:yBzebkVOa93hKc6Zgc8VuRIsPCoHWrreZxYrNSem3Sc=
github.com/alextanhongpin/testdump/pkg/diff v0.0.0-20260202052930-4638efcc794b/go.mod h1:G2g+ua+3rXatKhXe8pvP7QopFCVJ/y+0hGuqIEZ4Pio=
github.com/alextanhongpin/testdump/pkg/diff v0.0.0-20260202060108-045aa6c3cb8b h1:DB2Zs8qBXucjQk1J4DsBvsuETCSaEdZzwWqBfq12q1w=
github.com/alextanhongpin/testdump/pkg/diff v0.0.0-20260202060108-045aa6c3cb8b/go.mod h1:G2g+ua+3rXatKhXe8pvP7QopFCVJ/y+0hGuqIEZ4Pio=
github.com/alextanhongpin/testdump/pkg/file v0.0.0-20240814172502-38533f751ca6 h1:O46wyM61qBtfJhCT5h2YkOvfwxpynQFwg+9tdmQyMrw=
github.com/alextanhongpin/testdump/pkg/file v0.0.0-20240814172502-38533f751ca6/go.mod h1:VjrYSZIWcWhyJI/JFn1zKDMvPCkZz9u3hJrm/qREZE8=
github.com/alextanhongpin/testdump/pkg/file v0.0.0-20260202052930-4638efcc794b h1:xMexOlrQt3zAYIFAAGzTU5CcG0Pxq7xFA6u29KGpECU=
github.com/alextanhongpin/testdump/pkg/file v0.0.0-20260202052930-4638efcc794b/go.mod h1:VjrYSZIWcWhyJI/JFn1zKDMvPCkZz9u3hJrm/qREZE8=
github.com/alextanhongpin/testdump/pkg/file v0.0.0-20260202060108-045aa6c3cb8b h1:anXUu7bbqkMl2ufBIie9QNCOsffWHOwCObHVqjS5PE4=
github.com/alextanhongpin/testdump/pkg/file v0.0.0-20260202060108-045aa6c3cb8b/go.mod h1:VjrYSZIWcWhyJI/JFn1zKDMvPCkZz9u3hJrm/qREZE8=
github.com/alextanhongpin/testdump/pkg/snapshot v0.0.0-20240814172502-38533f751ca6 h1:nudwX51KiCWg0XO6LUUNpNczFN/dkdQu3sSYqhBYV9A=
github.com/alextanhongpin/testdump/pkg/snapshot v0.0.0-20240814172502-38533f751ca6/go.mod h1:KE5TrgWzFr7ZsmCqtN2p8GHSuJygE0bdep/QcZ1/di0=
github.com/alextanhongpin/testdump/pkg/snapshot v0.0.0-20260202052930-4638efcc794b h1:RIlz3A8WV/KNO9BF7zFkY0yBnueu8uQsIVxt/TgLFN4=
github.com/alextanhongpin/testdump/pkg/snapshot v0.0.0-20260202052930-4638efcc794b/go.mod h1:KE5TrgWzFr7ZsmCqtN2p8GHSuJygE0bdep/QcZ1/di0=
github.com/alextanhongpin/testdump/pkg/snapshot v0.0.0-20260202060108-045aa6c3cb8b h1:KSiSbvpNma8uEEF6HVX5fJcNUtczb2AFf5KerJVkUFU=
github.com/alextanhongpin/testdump/pkg/snapshot v0.0.0-20260202060108-045aa6c3cb8b/go.mod h1:KE5TrgWzFr7ZsmCqtN2p8GHSuJygE0bdep/QcZ1/di0=
github.com/alextanhongpin/testdump/pkg/sqlformat v0.0.0-20240617040756-3318bf024e3c h1:hPsI9GyGzQVeMItCqd8/cQ3YpL4tKMgPwZRzB6IM/yI=
github.com/alextanhongpin/testdump/pkg/sqlformat v0.0.0-20240617040756-3318bf024e3c/go.mod h1:i9qdznNXpq9uLz3Eh9tkgrYP2U3hOGA9wtFvi4LplK8=
github.com/alextanhongpin/testdump/pkg/sqlformat v0.0.0-20260202052930-4638efcc794b h1:KPhsG+K6dhOWsDKL/13N+g8hF7ipU6BmUHdGjRYkTe0=
github.com/alextanhongpin/testdump/pkg/sqlformat v0.0.0-20260202052930-4638efcc794b/go.mod h1:i9qdznNXpq9uLz3Eh9tkgrYP2U3hOGA9wtFvi4LplK8=
github.com/alextanhongpin/testdump/pkg/sqlformat v0.0.0-20260202060108-045aa6c3cb8b h1:dtDKO+G4oDn4CEzX5tYOeSJKf6IMZsrIZRpVEh6cBWc=
github.com/alextanhongpin/testdump/pkg/sqlformat v0.0.0-20260202060108-045aa6c3cb8b/go.mod h1:i9qdznNXpq9uLz3Eh9tkgrYP2U3hOGA9wtFvi4LplK8=
github.com/davecgh/go-spew v1.1.2-0.20180830191138-d8f796af33cc h1:U9qPSI2PIWSS1VwoXQT9A3Wy9MM3WgvqSxFWenqJduM=
github.com/davecgh/go-spew v1.1.2-0.20180830191138-d8f796af33cc/go.mod h1:J7Y8YcW2NihsgmVo/mv3lAwl/skON4iLHjSsI+c5H38=
github.com/golang/glog v1.2.1 h1:OptwRhECazUx5ix5TTWC3EZhsZEHWcYWY4FQHTIubm4=
github.com/golang/glog v1.2.1/go.mod h1:6AhwSGph0fcJtXVM/PEHPqZlFeoLxhs7/t5UDAwmO+w=
github.com/golang/glog v1.2.5 h1:DrW6hGnjIhtvhOIiAKT6Psh/Kd/ldepEa81DKeiRJ5I=
github.com/golang/glog v1.2.5/go.mod h1:6AhwSGph0fcJtXVM/PEHPqZlFeoLxhs7/t5UDAwmO+w=
github.com/google/go-cmp v0.6.0 h1:ofyhxvXcZhMsU5ulbFiLKl/XBFqE1GSq7atu8tAmTRI=
github.com/google/go-cmp v0.6.0/go.mod h1:17dUlkBOakJ0+DkrSSNjCkIjxS6bF9zb3elmeNGIjoY=
github.com/google/go-cmp v0.7.0 h1:wk8382ETsv4JYUZwIsn6YpYiWiBsYLSJiTsyBybVuN8=
github.com/google/go-cmp v0.7.0/go.mod h1:pXiqmnSA92OHEEa9HXL2W4E7lf9JzCmGVUdgjX3N/iU=
github.com/kisielk/sqlstruct v0.0.0-20201105191214-5f3e10d3ab46/go.mod h1:yyMNCyc/Ib3bDTKd379tNMpB/7/H5TjM2Y9QJ5THLbE=
github.com/planetscale/vtprotobuf v0.6.1-0.20250313105119-ba97887b0a25 h1:S1hI5JiKP7883xBzZAr1ydcxrKNSVNm7+3+JwjxZEsg=
github.com/planetscale/vtprotobuf v0.6.1-0.20250313105119-ba97887b0a25/go.mod h1:ZQntvDG8TkPgljxtA0R9frDoND4QORU1VXz015N5Ks4=
github.com/pmezard/go-difflib v1.0.1-0.20181226105442-5d4384ee4fb2 h1:Jamvg5psRIccs7FGNTlIRMkT8wgtp5eCXdBlqhYGL6U=
github.com/pmezard/go-difflib v1.0.1-0.20181226105442-5d4384ee4fb2/go.mod h1:iKH77koFhYxTK1pcRnkKkqfTogsbg7gZNVY4sRDYZ/4=
github.com/spf13/pflag v1.0.5 h1:iy+VFUOCP1a+8yFto/drg2CJ5u0yRoB7fZw3DKv/JXA=
github.com/spf13/pflag v1.0.5/go.mod h1:McXfInJRrz4CZXVZOBLb0bTZqETkiAhM9Iw0y3An2Bg=
github.com/spf13/pflag v1.0.10 h1:4EBh2KAYBwaONj6b2Ye1GiHfwjqyROoF4RwYO+vPwFk=
github.com/spf13/pflag v1.0.10/go.mod h1:McXfInJRrz4CZXVZOBLb0bTZqETkiAhM9Iw0y3An2Bg=
github.com/stretchr/testify v1.9.0 h1:HtqpIVDClZ4nwg75+f6Lvsy/wHu+3BoSGCbBAcpTsTg=
github.com/stretchr/testify v1.9.0/go.mod h1:r2ic/lqez/lEtzL7wO/rwa5dbSLXVDPFyf8C91i36aY=
go.uber.org/goleak v1.3.0 h1:2K3zAYmnTNqV73imy9J1T3WC+gmCePx2hEGkimedGto=
go.uber.org/goleak v1.3.0/go.mod h1:CoHD4mav9JJNrW/WLlf7HGZPjdw8EucARQHekz1X6bE=
golang.org/x/net v0.26.0 h1:soB7SVo0PWrY4vPW/+ay0jKDNScG2X9wFeYlXIvJsOQ=
golang.org/x/net v0.26.0/go.mod h1:5YKkiSynbBIh3p6iOc/vibscux0x38BZDkn8sCUPxHE=
golang.org/x/sys v0.21.0 h1:rF+pYz3DAGSQAxAu1CbC7catZg4ebC4UIeIhKxBZvws=
golang.org/x/sys v0.21.0/go.mod h1:/VUhepiaJMQUp4+oa/7Zr1D23ma6VTLIYjOOTFZPUcA=
golang.org/x/sys v0.40.0 h1:DBZZqJ2Rkml6QMQsZywtnjnnGvHza6BTfYFWY9kjEWQ=
golang.org/x/sys v0.40.0/go.mod h1:OgkHotnGiDImocRcuBABYBEXf8A9a87e/uXjp9XT3ks=
golang.org/x/text v0.15.0 h1:h1V/4gjBv8v9cjcR6+AR5+/cIYK5N/WAgiv4xlsEtAk=
golang.org/x/text v0.15.0/go.mod h1:18ZOQIKpY8NJVqYksKHtTdi31H5itFRjB5/qKTNYzSU=
golang.org/x/tools v0.22.0 h1:gqSGLZqv+AI9lIQzniJ0nZDRG5GBPsSi+DRNHWNz6yA=
golang.org/x/tools v0.22.0/go.mod h1:aCwcsjqvq7Yqt6TNyX7QMU2enbQ/Gt0bo6krSeEri+c=
golang.org/x/tools v0.41.0 h1:a9b8iMweWG+S0OBnlU36rzLp20z1Rp10w+IY2czHTQc=
golang.org/x/tools v0.41.0/go.mod h1:XSY6eDqxVNiYgezAVqqCeihT4j1U2CCsqvH3WhQpnlg=
google.golang.org/genproto/googleapis/rpc v0.0.0-20240610135401-a8a62080eff3 h1:9Xyg6I9IWQZhRVfCWjKK+l6kI0jHcPesVlMnT//aHNo=
google.golang.org/genproto/googleapis/rpc v0.0.0-20240610135401-a8a62080eff3/go.mod h1:EfXuqaE1J41VCDicxHzUDm+8rk+7ZdXzHV0IhO/I6s0=
google.golang.org/genproto/googleapis/rpc v0.0.0-20260128011058-8636f8732409 h1:H86B94AW+VfJWDqFeEbBPhEtHzJwJfTbgE2lZa54ZAQ=
google.golang.org/genproto/googleapis/rpc v0.0.0-20260128011058-8636f8732409/go.mod h1:j9x/tPzZkyxcgEFkiKEEGxfvyumM01BEtsW8xzOahRQ=
google.golang.org/grpc v1.64.0 h1:KH3VH9y/MgNQg1dE7b3XfVK0GsPSIzJwdF617gUSbvY=
google.golang.org/grpc v1.64.0/go.mod h1:oxjF8E3FBnjp+/gVFYdWacaLDx9na1aqy9oovLpxQYg=
google.golang.org/grpc v1.78.0 h1:K1XZG/yGDJnzMdd/uZHAkVqJE+xIDOcmdSFZkBUicNc=
google.golang.org/grpc v1.78.0/go.mod h1:I47qjTo4OKbMkjA/aOOwxDIiPSBofUtQUI5EfpWvW7U=
google.golang.org/protobuf v1.34.2 h1:6xV6lTsCfpGD21XK49h7MhtcApnLqkfYgPcdHftf6hg=
google.golang.org/protobuf v1.34.2/go.mod h1:qYOHts0dSfpeUzUFpOMr/WGzszTmLH+DiWniOlNbLDw=
google.golang.org/protobuf v1.36.11 h1:fV6ZwhNocDyBLK0dj+fg8ektcVegBBuEolpbTQyBNVE=
google.golang.org/protobuf v1.36.11/go.mod h1:HTf+CrKn2C3g5S8VImy6tdcUvCska2kB7j23XfzDpco=
gopkg.in/yaml.v3 v3.0.1 h1:fxVm/GzAzEWqLHuvctI91KS9hhNmmWOoWu0XTYJS7CA=
gopkg.in/yaml.v3 v3.0.1/go.mod h1:K4uyk7z7BCEPqu6E+C64Yfv1cQ7kz7rIZviUmN+EgEM=
vitess.io/vitess v0.19.4 h1:fJhZm5RknYbF7YUBXBmcvST/mvA4CeevlI9N0TLlYXA=
vitess.io/vitess v0.19.4/go.mod h1:15uIi9x/Gu+BdDhUR80yP0M1v7aMG2mZQXSd56CE2t0=
vitess.io/vitess v0.23.0 h1:XEzcon9q9KpnEOF8VkFmgpEdEZZR2+N+vDSgfKTjW7k=
vitess.io/vitess v0.23.0/go.mod h1:79F6ICWYB/ma+BSMMHO7CcE4ByqbgPYyFmZC8i01NmI=
